
Microsoft Visual Studio Solution File, Format Version 12.00
# Visual Studio 15
VisualStudioVersion = 15.0.28307.757
MinimumVisualStudioVersion = 10.0.40219.1
Project("{FAE04EC0-301F-11D3-BF4B-00C04F79EFBC}") = "AddStrings", "AddStrings\AddStrings.csproj", "{DB4381AD-DDC2-4BC4-A95A-FFE93787DF11}"
EndProject
Project("{FAE04EC0-301F-11D3-BF4B-00C04F79EFBC}") = "AddStrings.Tests", "AddStrings.Tests\AddStrings.Tests.csproj", "{73E2D772-3304-46CD-90A9-4A7F40DD108B}"
EndProject
Global
	GlobalSection(SolutionConfigurationPlatforms) = preSolution
		Debug|Any CPU = Debug|Any CPU
		Release|Any CPU = Release|Any CPU
	EndGlobalSection
	GlobalSection(ProjectConfigurationPlatforms) = postSolution
		{DB4381AD-DDC2-4BC4-A95A-FFE93787DF11}.Debug|Any CPU.ActiveCfg = Debug|Any CPU
		{DB4381AD-DDC2-4BC4-A95A-FFE93787DF11}.Debug|Any CPU.Build.0 = Debug|Any CPU
		{DB4381AD-DDC2-4BC4-A95A-FFE93787DF11}.Release|Any CPU.ActiveCfg = Release|Any CPU
		{DB4381AD-DDC2-4BC4-A95A-FFE93787DF11}.Release|Any CPU.Build.0 = Release|Any CPU
		{73E2D772-3304-46CD-90A9-4A7F40DD108B}.Debug|Any CPU.ActiveCfg = Debug|Any CPU
		{73E2D772-3304-46CD-90A9-4A7F40DD108B}.Debug|Any CPU.Build.0 = Debug|Any CPU
		{73E2D772-3304-46CD-90A9-4A7F40DD108B}.Release|Any CPU.ActiveCfg = Release|Any CPU
		{73E2D772-3304-46CD-90A9-4A7F40DD108B}.Release|Any CPU.Build.0 = Release|Any CPU
	EndGlobalSection
	GlobalSection(SolutionProperties) = preSolution
		HideSolutionNode = FALSE
	EndGlobalSection
	GlobalSection(ExtensibilityGlobals) = postSolution
		SolutionGuid = {100AC411-EE6F-4F49-B79B-03F1F596A2AD}
	EndGlobalSection
EndGlobal
